
Microsoft Visual Studio Solution File, Format Version 12.00
# Visual Studio 15
VisualStudioVersion = 15.0.28010.2048
MinimumVisualStudioVersion = 10.0.40219.1
Project("{FAE04EC0-301F-11D3-BF4B-00C04F79EFBC}") = "Web_API_NET", "Web_API_NET\Web_API_NET.csproj", "{BC434984-38BF-4249-8798-E408F827D678}"
EndProject
Global
	GlobalSection(SolutionConfigurationPlatforms) = preSolution
		Debug|Any CPU = Debug|Any CPU
		Release|Any CPU = Release|Any CPU
	EndGlobalSection
	GlobalSection(ProjectConfigurationPlatforms) = postSolution
		{BC434984-38BF-4249-8798-E408F827D678}.Debug|Any CPU.ActiveCfg = Debug|Any CPU
		{BC434984-38BF-4249-8798-E408F827D678}.Debug|Any CPU.Build.0 = Debug|Any CPU
		{BC434984-38BF-4249-8798-E408F827D678}.Release|Any CPU.ActiveCfg = Release|Any CPU
		{BC434984-38BF-4249-8798-E408F827D678}.Release|Any CPU.Build.0 = Release|Any CPU
	EndGlobalSection
	GlobalSection(SolutionProperties) = preSolution
		HideSolutionNode = FALSE
	EndGlobalSection
	GlobalSection(ExtensibilityGlobals) = postSolution
		SolutionGuid = {0BB9215D-1085-4CCB-9F6B-C9120CCE23F8}
	EndGlobalSection
EndGlobal
